// !$*UTF8*$!
{
	archiveVersion = 1;
	classes = {
	};
	objectVersion = 50;
	objects = {

/* Begin PBXBuildFile section */
		108AF1D124916851004A9F2F /* AppDelegate.swift in Sources */ = {isa = PBXBuildFile; fileRef = 108AF1D024916851004A9F2F /* AppDelegate.swift */; };
		108AF1D324916851004A9F2F /* SceneDelegate.swift in Sources */ = {isa = PBXBuildFile; fileRef = 108AF1D224916851004A9F2F /* SceneDelegate.swift */; };
		108AF1D624916851004A9F2F /* Sunmart.xcdatamodeld in Sources */ = {isa = PBXBuildFile; fileRef = 108AF1D424916851004A9F2F /* Sunmart.xcdatamodeld */; };
		108AF1D824916851004A9F2F /* ContentView.swift in Sources */ = {isa = PBXBuildFile; fileRef = 108AF1D724916851004A9F2F /* ContentView.swift */; };
		108AF1DA24916852004A9F2F /* Assets.xcassets in Resources */ = {isa = PBXBuildFile; fileRef = 108AF1D924916852004A9F2F /* Assets.xcassets */; };
		108AF1DD24916852004A9F2F /* Preview Assets.xcassets in Resources */ = {isa = PBXBuildFile; fileRef = 108AF1DC24916852004A9F2F /* Preview Assets.xcassets */; };
		108AF1E024916852004A9F2F /* LaunchScreen.storyboard in Resources */ = {isa = PBXBuildFile; fileRef = 108AF1DE24916852004A9F2F /* LaunchScreen.storyboard */; };
		108AF1E824916AFF004A9F2F /* LoginView.swift in Sources */ = {isa = PBXBuildFile; fileRef = 108AF1E724916AFF004A9F2F /* LoginView.swift */; };
		108AF1EA249170BD004A9F2F /* File.swift in Sources */ = {isa = PBXBuildFile; fileRef = 108AF1E9249170BD004A9F2F /* File.swift */; };
		108AF1EC249171D7004A9F2F /* SignUpView.swift in Sources */ = {isa = PBXBuildFile; fileRef = 108AF1EB249171D7004A9F2F /* SignUpView.swift */; };
/* End PBXBuildFile section */

/* Begin PBXFileReference section */
		108AF1CD24916851004A9F2F /* Sunmart.app */ = {isa = PBXFileReference; explicitFileType = wrapper.application; includeInIndex = 0; path = Sunmart.app; sourceTree = BUILT_PRODUCTS_DIR; };
		108AF1D024916851004A9F2F /* AppDelegate.swift */ = {isa = PBXFileReference; lastKnownFileType = sourcecode.swift; path = AppDelegate.swift; sourceTree = "<group>"; };
		108AF1D224916851004A9F2F /* SceneDelegate.swift */ = {isa = PBXFileReference; lastKnownFileType = sourcecode.swift; path = SceneDelegate.swift; sourceTree = "<group>"; };
		108AF1D524916851004A9F2F /* Sunmart.xcdatamodel */ = {isa = PBXFileReference; lastKnownFileType = wrapper.xcdatamodel; path = Sunmart.xcdatamodel; sourceTree = "<group>"; };
		108AF1D724916851004A9F2F /* ContentView.swift */ = {isa = PBXFileReference; lastKnownFileType = sourcecode.swift; path = ContentView.swift; sourceTree = "<group>"; };
		108AF1D924916852004A9F2F /* Assets.xcassets */ = {isa = PBXFileReference; lastKnownFileType = folder.assetcatalog; path = Assets.xcassets; sourceTree = "<group>"; };
		108AF1DC24916852004A9F2F /* Preview Assets.xcassets */ = {isa = PBXFileReference; lastKnownFileType = folder.assetcatalog; path = "Preview Assets.xcassets"; sourceTree = "<group>"; };
		108AF1DF24916852004A9F2F /* Base */ = {isa = PBXFileReference; lastKnownFileType = file.storyboard; name = Base; path = Base.lproj/LaunchScreen.storyboard; sourceTree = "<group>"; };
		108AF1E124916852004A9F2F /* Info.plist */ = {isa = PBXFileReference; lastKnownFileType = text.plist.xml; path = Info.plist; sourceTree = "<group>"; };
		108AF1E724916AFF004A9F2F /* LoginView.swift */ = {isa = PBXFileReference; lastKnownFileType = sourcecode.swift; path = LoginView.swift; sourceTree = "<group>"; };
		108AF1E9249170BD004A9F2F /* File.swift */ = {isa = PBXFileReference; lastKnownFileType = sourcecode.swift; path = File.swift; sourceTree = "<group>"; };
		108AF1EB249171D7004A9F2F /* SignUpView.swift */ = {isa = PBXFileReference; lastKnownFileType = sourcecode.swift; path = SignUpView.swift; sourceTree = "<group>"; };
/* End PBXFileReference section */

/* Begin PBXFrameworksBuildPhase section */
		108AF1CA24916851004A9F2F /* Frameworks */ = {
			isa = PBXFrameworksBuildPhase;
			buildActionMask = 2147483647;
			files = (
			);
			runOnlyForDeploymentPostprocessing = 0;
		};
/* End PBXFrameworksBuildPhase section */

/* Begin PBXGroup section */
		108AF1C424916851004A9F2F = {
			isa = PBXGroup;
			children = (
				108AF1CF24916851004A9F2F /* Sunmart */,
				108AF1CE24916851004A9F2F /* Products */,
			);
			sourceTree = "<group>";
		};
		108AF1CE24916851004A9F2F /* Products */ = {
			isa = PBXGroup;
			children = (
				108AF1CD24916851004A9F2F /* Sunmart.app */,
			);
			name = Products;
			sourceTree = "<group>";
		};
		108AF1CF24916851004A9F2F /* Sunmart */ = {
			isa = PBXGroup;
			children = (
				108AF1D024916851004A9F2F /* AppDelegate.swift */,
				108AF1D224916851004A9F2F /* SceneDelegate.swift */,
				108AF1D724916851004A9F2F /* ContentView.swift */,
				108AF1D924916852004A9F2F /* Assets.xcassets */,
				108AF1DE24916852004A9F2F /* LaunchScreen.storyboard */,
				108AF1E124916852004A9F2F /* Info.plist */,
				108AF1D424916851004A9F2F /* Sunmart.xcdatamodeld */,
				108AF1DB24916852004A9F2F /* Preview Content */,
				108AF1E724916AFF004A9F2F /* LoginView.swift */,
				108AF1E9249170BD004A9F2F /* File.swift */,
				108AF1EB249171D7004A9F2F /* SignUpView.swift */,
			);
			path = Sunmart;
			sourceTree = "<group>";
		};
		108AF1DB24916852004A9F2F /* Preview Content */ = {
			isa = PBXGroup;
			children = (
				108AF1DC24916852004A9F2F /* Preview Assets.xcassets */,
			);
			path = "Preview Content";
			sourceTree = "<group>";
		};
/* End PBXGroup section */

/* Begin PBXNativeTarget section */
		108AF1CC24916851004A9F2F /* Sunmart */ = {
			isa = PBXNativeTarget;
			buildConfigurationList = 108AF1E424916852004A9F2F /* Build configuration list for PBXNativeTarget "Sunmart" */;
			buildPhases = (
				108AF1C924916851004A9F2F /* Sources */,
				108AF1CA24916851004A9F2F /* Frameworks */,
				108AF1CB24916851004A9F2F /* Resources */,
			);
			buildRules = (
			);
			dependencies = (
			);
			name = Sunmart;
			productName = Sunmart;
			productReference = 108AF1CD24916851004A9F2F /* Sunmart.app */;
			productType = "com.apple.product-type.application";
		};
/* End PBXNativeTarget section */

/* Begin PBXProject section */
		108AF1C524916851004A9F2F /* Project object */ = {
			isa = PBXProject;
			attributes = {
				LastSwiftUpdateCheck = 1150;
				LastUpgradeCheck = 1150;
				ORGANIZATIONNAME = VipulGarg;
				TargetAttributes = {
					108AF1CC24916851004A9F2F = {
						CreatedOnToolsVersion = 11.5;
					};
				};
			};
			buildConfigurationList = 108AF1C824916851004A9F2F /* Build configuration list for PBXProject "Sunmart" */;
			compatibilityVersion = "Xcode 9.3";
			developmentRegion = en;
			hasScannedForEncodings = 0;
			knownRegions = (
				en,
				Base,
			);
			mainGroup = 108AF1C424916851004A9F2F;
			productRefGroup = 108AF1CE24916851004A9F2F /* Products */;
			projectDirPath = "";
			projectRoot = "";
			targets = (
				108AF1CC24916851004A9F2F /* Sunmart */,
			);
		};
/* End PBXProject section */

/* Begin PBXResourcesBuildPhase section */
		108AF1CB24916851004A9F2F /* Resources */ = {
			isa = PBXResourcesBuildPhase;
			buildActionMask = 2147483647;
			files = (
				108AF1E024916852004A9F2F /* LaunchScreen.storyboard in Resources */,
				108AF1DD24916852004A9F2F /* Preview Assets.xcassets in Resources */,
				108AF1DA24916852004A9F2F /* Assets.xcassets in Resources */,
			);
			runOnlyForDeploymentPostprocessing = 0;
		};
/* End PBXResourcesBuildPhase section */

/* Begin PBXSourcesBuildPhase section */
		108AF1C924916851004A9F2F /* Sources */ = {
			isa = PBXSourcesBuildPhase;
			buildActionMask = 2147483647;
			files = (
				108AF1D124916851004A9F2F /* AppDelegate.swift in Sources */,
				108AF1EA249170BD004A9F2F /* File.swift in Sources */,
				108AF1D624916851004A9F2F /* Sunmart.xcdatamodeld in Sources */,
				108AF1EC249171D7004A9F2F /* SignUpView.swift in Sources */,
				108AF1D824916851004A9F2F /* ContentView.swift in Sources */,
				108AF1E824916AFF004A9F2F /* LoginView.swift in Sources */,
				108AF1D324916851004A9F2F /* SceneDelegate.swift in Sources */,
			);
			runOnlyForDeploymentPostprocessing = 0;
		};
/* End PBXSourcesBuildPhase section */

/* Begin PBXVariantGroup section */
		108AF1DE24916852004A9F2F /* LaunchScreen.storyboard */ = {
			isa = PBXVariantGroup;
			children = (
				108AF1DF24916852004A9F2F /* Base */,
			);
			name = LaunchScreen.storyboard;
			sourceTree = "<group>";
		};
/* End PBXVariantGroup section */

/* Begin XCBuildConfiguration section */
		108AF1E224916852004A9F2F /* Debug */ = {
			isa = XCBuildConfiguration;
			buildSettings = {
				ALWAYS_SEARCH_USER_PATHS = NO;
				CLANG_ANALYZER_NONNULL = YES;
				CLANG_ANALYZER_NUMBER_OBJECT_CONVERSION = YES_AGGRESSIVE;
				CLANG_CXX_LANGUAGE_STANDARD = "gnu++14";
				CLANG_CXX_LIBRARY = "libc++";
				CLANG_ENABLE_MODULES = YES;
				CLANG_ENABLE_OBJC_ARC = YES;
				CLANG_ENABLE_OBJC_WEAK = YES;
				CLANG_WARN_BLOCK_CAPTURE_AUTORELEASING = YES;
				CLANG_WARN_BOOL_CONVERSION = YES;
				CLANG_WARN_COMMA = YES;
				CLANG_WARN_CONSTANT_CONVERSION = YES;
				CLANG_WARN_DEPRECATED_OBJC_IMPLEMENTATIONS = YES;
				CLANG_WARN_DIRECT_OBJC_ISA_USAGE = YES_ERROR;
				CLANG_WARN_DOCUMENTATION_COMMENTS = YES;
				CLANG_WARN_EMPTY_BODY = YES;
				CLANG_WARN_ENUM_CONVERSION = YES;
				CLANG_WARN_INFINITE_RECURSION = YES;
				CLANG_WARN_INT_CONVERSION = YES;
				CLANG_WARN_NON_LITERAL_NULL_CONVERSION = YES;
				CLANG_WARN_OBJC_IMPLICIT_RETAIN_SELF = YES;
				CLANG_WARN_OBJC_LITERAL_CONVERSION = YES;
				CLANG_WARN_OBJC_ROOT_CLASS = YES_ERROR;
				CLANG_WARN_RANGE_LOOP_ANALYSIS = YES;
				CLANG_WARN_STRICT_PROTOTYPES = YES;
				CLANG_WARN_SUSPICIOUS_MOVE = YES;
				CLANG_WARN_UNGUARDED_AVAILABILITY = YES_AGGRESSIVE;
				CLANG_WARN_UNREACHABLE_CODE = YES;
				CLANG_WARN__DUPLICATE_METHOD_MATCH = YES;
				COPY_PHASE_STRIP = NO;
				DEBUG_INFORMATION_FORMAT = dwarf;
				ENABLE_STRICT_OBJC_MSGSEND = YES;
				ENABLE_TESTABILITY = YES;
				GCC_C_LANGUAGE_STANDARD = gnu11;
				GCC_DYNAMIC_NO_PIC = NO;
				GCC_NO_COMMON_BLOCKS = YES;
				GCC_OPTIMIZATION_LEVEL = 0;
				GCC_PREPROCESSOR_DEFINITIONS = (
					"DEBUG=1",
					"$(inherited)",
				);
				GCC_WARN_64_TO_32_BIT_CONVERSION = YES;
				GCC_WARN_ABOUT_RETURN_TYPE = YES_ERROR;
				GCC_WARN_UNDECLARED_SELECTOR = YES;
				GCC_WARN_UNINITIALIZED_AUTOS = YES_AGGRESSIVE;
				GCC_WARN_UNUSED_FUNCTION = YES;
				GCC_WARN_UNUSED_VARIABLE = YES;
				IPHONEOS_DEPLOYMENT_TARGET = 13.5;
				MTL_ENABLE_DEBUG_INFO = INCLUDE_SOURCE;
				MTL_FAST_MATH = YES;
				ONLY_ACTIVE_ARCH = YES;
				SDKROOT = iphoneos;
				SWIFT_ACTIVE_COMPILATION_CONDITIONS = DEBUG;
				SWIFT_OPTIMIZATION_LEVEL = "-Onone";
			};
			name = Debug;
		};
		108AF1E324916852004A9F2F /* Release */ = {
			isa = XCBuildConfiguration;
			buildSettings = {
				ALWAYS_SEARCH_USER_PATHS = NO;
				CLANG_ANALYZER_NONNULL = YES;
				CLANG_ANALYZER_NUMBER_OBJECT_CONVERSION = YES_AGGRESSIVE;
				CLANG_CXX_LANGUAGE_STANDARD = "gnu++14";
				CLANG_CXX_LIBRARY = "libc++";
				CLANG_ENABLE_MODULES = YES;
				CLANG_ENABLE_OBJC_ARC = YES;
				CLANG_ENABLE_OBJC_WEAK = YES;
				CLANG_WARN_BLOCK_CAPTURE_AUTORELEASING = YES;
				CLANG_WARN_BOOL_CONVERSION = YES;
				CLANG_WARN_COMMA = YES;
				CLANG_WARN_CONSTANT_CONVERSION = YES;
				CLANG_WARN_DEPRECATED_OBJC_IMPLEMENTATIONS = YES;
				CLANG_WARN_DIRECT_OBJC_ISA_USAGE = YES_ERROR;
				CLANG_WARN_DOCUMENTATION_COMMENTS = YES;
				CLANG_WARN_EMPTY_BODY = YES;
				CLANG_WARN_ENUM_CONVERSION = YES;
				CLANG_WARN_INFINITE_RECURSION = YES;
				CLANG_WARN_INT_CONVERSION = YES;
				CLANG_WARN_NON_LITERAL_NULL_CONVERSION = YES;
				CLANG_WARN_OBJC_IMPLICIT_RETAIN_SELF = YES;
				CLANG_WARN_OBJC_LITERAL_CONVERSION = YES;
				CLANG_WARN_OBJC_ROOT_CLASS = YES_ERROR;
				CLANG_WARN_RANGE_LOOP_ANALYSIS = YES;
				CLANG_WARN_STRICT_PROTOTYPES = YES;
				CLANG_WARN_SUSPICIOUS_MOVE = YES;
				CLANG_WARN_UNGUARDED_AVAILABILITY = YES_AGGRESSIVE;
				CLANG_WARN_UNREACHABLE_CODE = YES;
				CLANG_WARN__DUPLICATE_METHOD_MATCH = YES;
				COPY_PHASE_STRIP = NO;
				DEBUG_INFORMATION_FORMAT = "dwarf-with-dsym";
				ENABLE_NS_ASSERTIONS = NO;
				ENABLE_STRICT_OBJC_MSGSEND = YES;
				GCC_C_LANGUAGE_STANDARD = gnu11;
				GCC_NO_COMMON_BLOCKS = YES;
				GCC_WARN_64_TO_32_BIT_CONVERSION = YES;
				GCC_WARN_ABOUT_RETURN_TYPE = YES_ERROR;
				GCC_WARN_UNDECLARED_SELECTOR = YES;
				GCC_WARN_UNINITIALIZED_AUTOS = YES_AGGRESSIVE;
				GCC_WARN_UNUSED_FUNCTION = YES;
				GCC_WARN_UNUSED_VARIABLE = YES;
				IPHONEOS_DEPLOYMENT_TARGET = 13.5;
				MTL_ENABLE_DEBUG_INFO = NO;
				MTL_FAST_MATH = YES;
				SDKROOT = iphoneos;
				SWIFT_COMPILATION_MODE = wholemodule;
				SWIFT_OPTIMIZATION_LEVEL = "-O";
				VALIDATE_PRODUCT = YES;
			};
			name = Release;
		};
		108AF1E524916852004A9F2F /* Debug */ = {
			isa = XCBuildConfiguration;
			buildSettings = {
				ASSETCATALOG_COMPILER_APPICON_NAME = AppIcon;
				CODE_SIGN_STYLE = Automatic;
				DEVELOPMENT_ASSET_PATHS = "\"Sunmart/Preview Content\"";
				ENABLE_PREVIEWS = YES;
				INFOPLIST_FILE = Sunmart/Info.plist;
				LD_RUNPATH_SEARCH_PATHS = (
					"$(inherited)",
					"@executable_path/Frameworks",
				);
				PRODUCT_BUNDLE_IDENTIFIER = com.cipher.Sunmart;
				PRODUCT_NAME = "$(TARGET_NAME)";
				SWIFT_VERSION = 5.0;
				TARGETED_DEVICE_FAMILY = "1,2";
			};
			name = Debug;
		};
		108AF1E624916852004A9F2F /* Release */ = {
			isa = XCBuildConfiguration;
			buildSettings = {
				ASSETCATALOG_COMPILER_APPICON_NAME = AppIcon;
				CODE_SIGN_STYLE = Automatic;
				DEVELOPMENT_ASSET_PATHS = "\"Sunmart/Preview Content\"";
				ENABLE_PREVIEWS = YES;
				INFOPLIST_FILE = Sunmart/Info.plist;
				LD_RUNPATH_SEARCH_PATHS = (
					"$(inherited)",
					"@executable_path/Frameworks",
				);
				PRODUCT_BUNDLE_IDENTIFIER = com.cipher.Sunmart;
				PRODUCT_NAME = "$(TARGET_NAME)";
				SWIFT_VERSION = 5.0;
				TARGETED_DEVICE_FAMILY = "1,2";
			};
			name = Release;
		};
/* End XCBuildConfiguration section */

/* Begin XCConfigurationList section */
		108AF1C824916851004A9F2F /* Build configuration list for PBXProject "Sunmart" */ = {
			isa = XCConfigurationList;
			buildConfigurations = (
				108AF1E224916852004A9F2F /* Debug */,
				108AF1E324916852004A9F2F /* Release */,
			);
			defaultConfigurationIsVisible = 0;
			defaultConfigurationName = Release;
		};
		108AF1E424916852004A9F2F /* Build configuration list for PBXNativeTarget "Sunmart" */ = {
			isa = XCConfigurationList;
			buildConfigurations = (
				108AF1E524916852004A9F2F /* Debug */,
				108AF1E624916852004A9F2F /* Release */,
			);
			defaultConfigurationIsVisible = 0;
			defaultConfigurationName = Release;
		};
/* End XCConfigurationList section */

/* Begin XCVersionGroup section */
		108AF1D424916851004A9F2F /* Sunmart.xcdatamodeld */ = {
			isa = XCVersionGroup;
			children = (
				108AF1D524916851004A9F2F /* Sunmart.xcdatamodel */,
			);
			currentVersion = 108AF1D524916851004A9F2F /* Sunmart.xcdatamodel */;
			path = Sunmart.xcdatamodeld;
			sourceTree = "<group>";
			versionGroupType = wrapper.xcdatamodel;
		};
/* End XCVersionGroup section */
	};
	rootObject = 108AF1C524916851004A9F2F /* Project object */;
}
